// !$*UTF8*$!
{
	archiveVersion = 1;
	classes = {
	};
	objectVersion = 46;
	objects = {

/* Begin PBXBuildFile section */
		9128DDBE1FA3B93300B715CF /* AppDelegate.swift in Sources */ = {isa = PBXBuildFile; fileRef = 9128DDBD1FA3B93300B715CF /* AppDelegate.swift */; };
		9128DDC01FA3B93300B715CF /* ViewController.swift in Sources */ = {isa = PBXBuildFile; fileRef = 9128DDBF1FA3B93300B715CF /* ViewController.swift */; };
		9128DDC31FA3B93300B715CF /* Main.storyboard in Resources */ = {isa = PBXBuildFile; fileRef = 9128DDC11FA3B93300B715CF /* Main.storyboard */; };
		9128DDC51FA3B93300B715CF /* Assets.xcassets in Resources */ = {isa = PBXBuildFile; fileRef = 9128DDC41FA3B93300B715CF /* Assets.xcassets */; };
		9128DDC81FA3B93300B715CF /* LaunchScreen.storyboard in Resources */ = {isa = PBXBuildFile; fileRef = 9128DDC61FA3B93300B715CF /* LaunchScreen.storyboard */; };
/* End PBXBuildFile section */

/* Begin PBXFileReference section */
		9128DDBA1FA3B93300B715CF /* Gif Motion.app */ = {isa = PBXFileReference; explicitFileType = wrapper.application; includeInIndex = 0; path = "Gif Motion.app"; sourceTree = BUILT_PRODUCTS_DIR; };
		9128DDBD1FA3B93300B715CF /* AppDelegate.swift */ = {isa = PBXFileReference; lastKnownFileType = sourcecode.swift; path = AppDelegate.swift; sourceTree = "<group>"; };
		9128DDBF1FA3B93300B715CF /* ViewController.swift */ = {isa = PBXFileReference; lastKnownFileType = sourcecode.swift; path = ViewController.swift; sourceTree = "<group>"; };
		9128DDC21FA3B93300B715CF /* Base */ = {isa = PBXFileReference; lastKnownFileType = file.storyboard; name = Base; path = Base.lproj/Main.storyboard; sourceTree = "<group>"; };
		9128DDC41FA3B93300B715CF /* Assets.xcassets */ = {isa = PBXFileReference; lastKnownFileType = folder.assetcatalog; name = Assets.xcassets; path = "Gif Motion/Assets.xcassets"; sourceTree = "<group>"; };
		9128DDC71FA3B93300B715CF /* Base */ = {isa = PBXFileReference; lastKnownFileType = file.storyboard; name = Base; path = Base.lproj/LaunchScreen.storyboard; sourceTree = "<group>"; };
		9128DDC91FA3B93300B715CF /* Info.plist */ = {isa = PBXFileReference; lastKnownFileType = text.plist.xml; name = Info.plist; path = "Gif Motion/Info.plist"; sourceTree = "<group>"; };
/* End PBXFileReference section */

/* Begin PBXFrameworksBuildPhase section */
		9128DDB71FA3B93300B715CF /* Frameworks */ = {
			isa = PBXFrameworksBuildPhase;
			buildActionMask = 2147483647;
			files = (
			);
			runOnlyForDeploymentPostprocessing = 0;
		};
/* End PBXFrameworksBuildPhase section */

/* Begin PBXGroup section */
		9128DDB11FA3B93300B715CF = {
			isa = PBXGroup;
			children = (
				9128DDBC1FA3B93300B715CF /* Gif Motion */,
				9128DDBB1FA3B93300B715CF /* Products */,
			);
			sourceTree = "<group>";
		};
		9128DDBB1FA3B93300B715CF /* Products */ = {
			isa = PBXGroup;
			children = (
				9128DDBA1FA3B93300B715CF /* Gif Motion.app */,
			);
			name = Products;
			sourceTree = "<group>";
		};
		9128DDBC1FA3B93300B715CF /* Gif Motion */ = {
			isa = PBXGroup;
			children = (
				9128DDD21FA3C19D00B715CF /* Stroyboards and Assets */,
				9128DDCF1FA3C12600B715CF /* Model */,
				9128DDD01FA3C13A00B715CF /* View */,
				9128DDD11FA3C14300B715CF /* Controller */,
			);
			path = "Gif Motion";
			sourceTree = "<group>";
		};
		9128DDCF1FA3C12600B715CF /* Model */ = {
			isa = PBXGroup;
			children = (
				9128DDBD1FA3B93300B715CF /* AppDelegate.swift */,
			);
			name = Model;
			sourceTree = "<group>";
		};
		9128DDD01FA3C13A00B715CF /* View */ = {
			isa = PBXGroup;
			children = (
				9128DDBF1FA3B93300B715CF /* ViewController.swift */,
			);
			name = View;
			sourceTree = "<group>";
		};
		9128DDD11FA3C14300B715CF /* Controller */ = {
			isa = PBXGroup;
			children = (
			);
			name = Controller;
			sourceTree = "<group>";
		};
		9128DDD21FA3C19D00B715CF /* Stroyboards and Assets */ = {
			isa = PBXGroup;
			children = (
				9128DDC11FA3B93300B715CF /* Main.storyboard */,
				9128DDC41FA3B93300B715CF /* Assets.xcassets */,
				9128DDC61FA3B93300B715CF /* LaunchScreen.storyboard */,
				9128DDC91FA3B93300B715CF /* Info.plist */,
			);
			name = "Stroyboards and Assets";
			path = ..;
			sourceTree = "<group>";
		};
/* End PBXGroup section */

/* Begin PBXNativeTarget section */
		9128DDB91FA3B93300B715CF /* Gif Motion */ = {
			isa = PBXNativeTarget;
			buildConfigurationList = 9128DDCC1FA3B93300B715CF /* Build configuration list for PBXNativeTarget "Gif Motion" */;
			buildPhases = (
				9128DDB61FA3B93300B715CF /* Sources */,
				9128DDB71FA3B93300B715CF /* Frameworks */,
				9128DDB81FA3B93300B715CF /* Resources */,
			);
			buildRules = (
			);
			dependencies = (
			);
			name = "Gif Motion";
			productName = "Gif Motion";
			productReference = 9128DDBA1FA3B93300B715CF /* Gif Motion.app */;
			productType = "com.apple.product-type.application";
		};
/* End PBXNativeTarget section */

/* Begin PBXProject section */
		9128DDB21FA3B93300B715CF /* Project object */ = {
			isa = PBXProject;
			attributes = {
				LastSwiftUpdateCheck = 0830;
				LastUpgradeCheck = 0830;
				ORGANIZATIONNAME = "Martin Chibwe";
				TargetAttributes = {
					9128DDB91FA3B93300B715CF = {
						CreatedOnToolsVersion = 8.3.3;
						DevelopmentTeam = Z59FNT2JYY;
						ProvisioningStyle = Automatic;
					};
				};
			};
			buildConfigurationList = 9128DDB51FA3B93300B715CF /* Build configuration list for PBXProject "Gif Motion" */;
			compatibilityVersion = "Xcode 3.2";
			developmentRegion = English;
			hasScannedForEncodings = 0;
			knownRegions = (
				en,
				Base,
			);
			mainGroup = 9128DDB11FA3B93300B715CF;
			productRefGroup = 9128DDBB1FA3B93300B715CF /* Products */;
			projectDirPath = "";
			projectRoot = "";
			targets = (
				9128DDB91FA3B93300B715CF /* Gif Motion */,
			);
		};
/* End PBXProject section */

/* Begin PBXResourcesBuildPhase section */
		9128DDB81FA3B93300B715CF /* Resources */ = {
			isa = PBXResourcesBuildPhase;
			buildActionMask = 2147483647;
			files = (
				9128DDC81FA3B93300B715CF /* LaunchScreen.storyboard in Resources */,
				9128DDC51FA3B93300B715CF /* Assets.xcassets in Resources */,
				9128DDC31FA3B93300B715CF /* Main.storyboard in Resources */,
			);
			runOnlyForDeploymentPostprocessing = 0;
		};
/* End PBXResourcesBuildPhase section */

/* Begin PBXSourcesBuildPhase section */
		9128DDB61FA3B93300B715CF /* Sources */ = {
			isa = PBXSourcesBuildPhase;
			buildActionMask = 2147483647;
			files = (
				9128DDC01FA3B93300B715CF /* ViewController.swift in Sources */,
				9128DDBE1FA3B93300B715CF /* AppDelegate.swift in Sources */,
			);
			runOnlyForDeploymentPostprocessing = 0;
		};
/* End PBXSourcesBuildPhase section */

/* Begin PBXVariantGroup section */
		9128DDC11FA3B93300B715CF /* Main.storyboard */ = {
			isa = PBXVariantGroup;
			children = (
				9128DDC21FA3B93300B715CF /* Base */,
			);
			name = Main.storyboard;
			path = "Gif Motion";
			sourceTree = "<group>";
		};
		9128DDC61FA3B93300B715CF /* LaunchScreen.storyboard */ = {
			isa = PBXVariantGroup;
			children = (
				9128DDC71FA3B93300B715CF /* Base */,
			);
			name = LaunchScreen.storyboard;
			path = "Gif Motion";
			sourceTree = "<group>";
		};
/* End PBXVariantGroup section */

/* Begin XCBuildConfiguration section */
		9128DDCA1FA3B93300B715CF /* Debug */ = {
			isa = XCBuildConfiguration;
			buildSettings = {
				ALWAYS_SEARCH_USER_PATHS = NO;
				CLANG_ANALYZER_NONNULL = YES;
				CLANG_ANALYZER_NUMBER_OBJECT_CONVERSION = YES_AGGRESSIVE;
				CLANG_CXX_LANGUAGE_STANDARD = "gnu++0x";
				CLANG_CXX_LIBRARY = "libc++";
				CLANG_ENABLE_MODULES = YES;
				CLANG_ENABLE_OBJC_ARC = YES;
				CLANG_WARN_BOOL_CONVERSION = YES;
				CLANG_WARN_CONSTANT_CONVERSION = YES;
				CLANG_WARN_DIRECT_OBJC_ISA_USAGE = YES_ERROR;
				CLANG_WARN_DOCUMENTATION_COMMENTS = YES;
				CLANG_WARN_EMPTY_BODY = YES;
				CLANG_WARN_ENUM_CONVERSION = YES;
				CLANG_WARN_INFINITE_RECURSION = YES;
				CLANG_WARN_INT_CONVERSION = YES;
				CLANG_WARN_OBJC_ROOT_CLASS = YES_ERROR;
				CLANG_WARN_SUSPICIOUS_MOVE = YES;
				CLANG_WARN_UNREACHABLE_CODE = YES;
				CLANG_WARN__DUPLICATE_METHOD_MATCH = YES;
				"CODE_SIGN_IDENTITY[sdk=iphoneos*]" = "iPhone Developer";
				COPY_PHASE_STRIP = NO;
				DEBUG_INFORMATION_FORMAT = dwarf;
				ENABLE_STRICT_OBJC_MSGSEND = YES;
				ENABLE_TESTABILITY = YES;
				GCC_C_LANGUAGE_STANDARD = gnu99;
				GCC_DYNAMIC_NO_PIC = NO;
				GCC_NO_COMMON_BLOCKS = YES;
				GCC_OPTIMIZATION_LEVEL = 0;
				GCC_PREPROCESSOR_DEFINITIONS = (
					"DEBUG=1",
					"$(inherited)",
				);
				GCC_WARN_64_TO_32_BIT_CONVERSION = YES;
				GCC_WARN_ABOUT_RETURN_TYPE = YES_ERROR;
				GCC_WARN_UNDECLARED_SELECTOR = YES;
				GCC_WARN_UNINITIALIZED_AUTOS = YES_AGGRESSIVE;
				GCC_WARN_UNUSED_FUNCTION = YES;
				GCC_WARN_UNUSED_VARIABLE = YES;
				IPHONEOS_DEPLOYMENT_TARGET = 10.3;
				MTL_ENABLE_DEBUG_INFO = YES;
				ONLY_ACTIVE_ARCH = YES;
				SDKROOT = iphoneos;
				SWIFT_ACTIVE_COMPILATION_CONDITIONS = DEBUG;
				SWIFT_OPTIMIZATION_LEVEL = "-Onone";
				TARGETED_DEVICE_FAMILY = "1,2";
			};
			name = Debug;
		};
		9128DDCB1FA3B93300B715CF /* Release */ = {
			isa = XCBuildConfiguration;
			buildSettings = {
				ALWAYS_SEARCH_USER_PATHS = NO;
				CLANG_ANALYZER_NONNULL = YES;
				CLANG_ANALYZER_NUMBER_OBJECT_CONVERSION = YES_AGGRESSIVE;
				CLANG_CXX_LANGUAGE_STANDARD = "gnu++0x";
				CLANG_CXX_LIBRARY = "libc++";
				CLANG_ENABLE_MODULES = YES;
				CLANG_ENABLE_OBJC_ARC = YES;
				CLANG_WARN_BOOL_CONVERSION = YES;
				CLANG_WARN_CONSTANT_CONVERSION = YES;
				CLANG_WARN_DIRECT_OBJC_ISA_USAGE = YES_ERROR;
				CLANG_WARN_DOCUMENTATION_COMMENTS = YES;
				CLANG_WARN_EMPTY_BODY = YES;
				CLANG_WARN_ENUM_CONVERSION = YES;
				CLANG_WARN_INFINITE_RECURSION = YES;
				CLANG_WARN_INT_CONVERSION = YES;
				CLANG_WARN_OBJC_ROOT_CLASS = YES_ERROR;
				CLANG_WARN_SUSPICIOUS_MOVE = YES;
				CLANG_WARN_UNREACHABLE_CODE = YES;
				CLANG_WARN__DUPLICATE_METHOD_MATCH = YES;
				"CODE_SIGN_IDENTITY[sdk=iphoneos*]" = "iPhone Developer";
				COPY_PHASE_STRIP = NO;
				DEBUG_INFORMATION_FORMAT = "dwarf-with-dsym";
				ENABLE_NS_ASSERTIONS = NO;
				ENABLE_STRICT_OBJC_MSGSEND = YES;
				GCC_C_LANGUAGE_STANDARD = gnu99;
				GCC_NO_COMMON_BLOCKS = YES;
				GCC_WARN_64_TO_32_BIT_CONVERSION = YES;
				GCC_WARN_ABOUT_RETURN_TYPE = YES_ERROR;
				GCC_WARN_UNDECLARED_SELECTOR = YES;
				GCC_WARN_UNINITIALIZED_AUTOS = YES_AGGRESSIVE;
				GCC_WARN_UNUSED_FUNCTION = YES;
				GCC_WARN_UNUSED_VARIABLE = YES;
				IPHONEOS_DEPLOYMENT_TARGET = 10.3;
				MTL_ENABLE_DEBUG_INFO = NO;
				SDKROOT = iphoneos;
				SWIFT_OPTIMIZATION_LEVEL = "-Owholemodule";
				TARGETED_DEVICE_FAMILY = "1,2";
				VALIDATE_PRODUCT = YES;
			};
			name = Release;
		};
		9128DDCD1FA3B93300B715CF /* Debug */ = {
			isa = XCBuildConfiguration;
			buildSettings = {
				ASSETCATALOG_COMPILER_APPICON_NAME = AppIcon;
				DEVELOPMENT_TEAM = Z59FNT2JYY;
				INFOPLIST_FILE = "Gif Motion/Info.plist";
				LD_RUNPATH_SEARCH_PATHS = "$(inherited) @executable_path/Frameworks";
				PRODUCT_BUNDLE_IDENTIFIER = "org.t2health.Gif-Motion";
				PRODUCT_NAME = "$(TARGET_NAME)";
				SWIFT_VERSION = 3.0;
			};
			name = Debug;
		};
		9128DDCE1FA3B93300B715CF /* Release */ = {
			isa = XCBuildConfiguration;
			buildSettings = {
				ASSETCATALOG_COMPILER_APPICON_NAME = AppIcon;
				DEVELOPMENT_TEAM = Z59FNT2JYY;
				INFOPLIST_FILE = "Gif Motion/Info.plist";
				LD_RUNPATH_SEARCH_PATHS = "$(inherited) @executable_path/Frameworks";
				PRODUCT_BUNDLE_IDENTIFIER = "org.t2health.Gif-Motion";
				PRODUCT_NAME = "$(TARGET_NAME)";
				SWIFT_VERSION = 3.0;
			};
			name = Release;
		};
/* End XCBuildConfiguration section */

/* Begin XCConfigurationList section */
		9128DDB51FA3B93300B715CF /* Build configuration list for PBXProject "Gif Motion" */ = {
			isa = XCConfigurationList;
			buildConfigurations = (
				9128DDCA1FA3B93300B715CF /* Debug */,
				9128DDCB1FA3B93300B715CF /* Release */,
			);
			defaultConfigurationIsVisible = 0;
			defaultConfigurationName = Release;
		};
		9128DDCC1FA3B93300B715CF /* Build configuration list for PBXNativeTarget "Gif Motion" */ = {
			isa = XCConfigurationList;
			buildConfigurations = (
				9128DDCD1FA3B93300B715CF /* Debug */,
				9128DDCE1FA3B93300B715CF /* Release */,
			);
			defaultConfigurationIsVisible = 0;
		};
/* End XCConfigurationList section */
	};
	rootObject = 9128DDB21FA3B93300B715CF /* Project object */;
}
